github.com/damonqin/portaudio v0.0.0-20200525200034-b9c11b178c7b h1:Up8F3pLCrQk1j01Z6O5dylbJR4YqUuKHXNqGCSjMZSc=
github.com/damonqin/portaudio v0.0.0-20200525200034-b9c11b178c7b/go.mod h1:MmVu7HrQOraRupcnIfon/6CMk1bIEkE5jJ2F+LihF48=
github.com/hajimehoshi/go-mp3 v0.3.4 h1:NUP7pBYH8OguP4diaTZ9wJbUbk3tC0KlfzsEpWmYj68=
github.com/hajimehoshi/go-mp3 v0.3.4/go.mod h1:fRtZraRFcWb0pu7ok0LqyFhCUrPeMsGRSVop0eemFmo=
github.com/hajimehoshi/oto/v2 v2.3.1/go.mod h1:seWLbgHH7AyUMYKfKYT9pg7PhUu9/SisyJvNTT+ASQo=
github.com/rthornton128/goncurses v0.0.0-20251206192105-7e6d2302acca h1:kFR/H0Y6K2vP5EU0lYLoRWXIiLPztK1r6DTUeSkNo08=
github.com/rthornton128/goncurses v0.0.0-20251206192105-7e6d2302acca/go.mod h1:AHlKFomPTwmO7H2vL8d7VNrQNQmhMi/DBhDnHRhjbCo=
golang.org/x/sys v0.0.0-20220712014510-0a85c31ab51e/go.mod h1:oPkhp1MJrh7nUepCBck5+mAzfO9JrbApNNgaTdGDITg=
